
Microsoft Visual Studio Solution File, Format Version 12.00
# Visual Studio Version 17
VisualStudioVersion = 17.8.34511.84
MinimumVisualStudioVersion = 10.0.40219.1
Project("{888888A0-9F3D-457C-B088-3A5042F75D52}") = "installjava", "installjava.pyproj", "{7F05D012-5B3D-433B-BCB5-64D3F21A053C}"
EndProject
Global
	GlobalSection(SolutionConfigurationPlatforms) = preSolution
		Debug|Any CPU = Debug|Any CPU
		Release|Any CPU = Release|Any CPU
	EndGlobalSection
	GlobalSection(ProjectConfigurationPlatforms) = postSolution
		{7F05D012-5B3D-433B-BCB5-64D3F21A053C}.Debug|Any CPU.ActiveCfg = Debug|Any CPU
		{7F05D012-5B3D-433B-BCB5-64D3F21A053C}.Release|Any CPU.ActiveCfg = Release|Any CPU
	EndGlobalSection
	GlobalSection(SolutionProperties) = preSolution
		HideSolutionNode = FALSE
	EndGlobalSection
	GlobalSection(ExtensibilityGlobals) = postSolution
		SolutionGuid = {6BB83759-6F3B-4D13-82B2-58D0680FE7F7}
	EndGlobalSection
EndGlobal
